// !$*UTF8*$!
{
	archiveVersion = 1;
	classes = {
	};
	objectVersion = 56;
	objects = {

/* Begin PBXBuildFile section */
		53114A3729129DED00390C9D /* MovieDBApp.swift in Sources */ = {isa = PBXBuildFile; fileRef = 53114A3629129DED00390C9D /* MovieDBApp.swift */; };
		53114A3929129DED00390C9D /* ContentView.swift in Sources */ = {isa = PBXBuildFile; fileRef = 53114A3829129DED00390C9D /* ContentView.swift */; };
		53114A3B29129DEE00390C9D /* Assets.xcassets in Resources */ = {isa = PBXBuildFile; fileRef = 53114A3A29129DEE00390C9D /* Assets.xcassets */; };
		53114A3E29129DEE00390C9D /* Preview Assets.xcassets in Resources */ = {isa = PBXBuildFile; fileRef = 53114A3D29129DEE00390C9D /* Preview Assets.xcassets */; };
		53114A4829129DEE00390C9D /* MovieDBTests.swift in Sources */ = {isa = PBXBuildFile; fileRef = 53114A4729129DEE00390C9D /* MovieDBTests.swift */; };
		53114A5229129DEE00390C9D /* MovieDBUITests.swift in Sources */ = {isa = PBXBuildFile; fileRef = 53114A5129129DEE00390C9D /* MovieDBUITests.swift */; };
		53114A5429129DEE00390C9D /* MovieDBUITestsLaunchTests.swift in Sources */ = {isa = PBXBuildFile; fileRef = 53114A5329129DEE00390C9D /* MovieDBUITestsLaunchTests.swift */; };
		53114A6529129E7C00390C9D /* MovieContract.swift in Sources */ = {isa = PBXBuildFile; fileRef = 53114A6429129E7C00390C9D /* MovieContract.swift */; };
		53114A6E29129F0C00390C9D /* MovieApiRepository.swift in Sources */ = {isa = PBXBuildFile; fileRef = 53114A6D29129F0C00390C9D /* MovieApiRepository.swift */; };
		53114A712912A04E00390C9D /* PaginatedResponse.swift in Sources */ = {isa = PBXBuildFile; fileRef = 53114A702912A04E00390C9D /* PaginatedResponse.swift */; };
		53114A732912A09600390C9D /* Movie.swift in Sources */ = {isa = PBXBuildFile; fileRef = 53114A722912A09600390C9D /* Movie.swift */; };
		53114A772912A1D400390C9D /* Http.swift in Sources */ = {isa = PBXBuildFile; fileRef = 53114A762912A1D400390C9D /* Http.swift */; };
		53114A7A2912A4DF00390C9D /* HttpContract.swift in Sources */ = {isa = PBXBuildFile; fileRef = 53114A792912A4DF00390C9D /* HttpContract.swift */; };
/* End PBXBuildFile section */

/* Begin PBXContainerItemProxy section */
		53114A4429129DEE00390C9D /* PBXContainerItemProxy */ = {
			isa = PBXContainerItemProxy;
			containerPortal = 53114A2B29129DED00390C9D /* Project object */;
			proxyType = 1;
			remoteGlobalIDString = 53114A3229129DED00390C9D;
			remoteInfo = MovieDB;
		};
		53114A4E29129DEE00390C9D /* PBXContainerItemProxy */ = {
			isa = PBXContainerItemProxy;
			containerPortal = 53114A2B29129DED00390C9D /* Project object */;
			proxyType = 1;
			remoteGlobalIDString = 53114A3229129DED00390C9D;
			remoteInfo = MovieDB;
		};
/* End PBXContainerItemProxy section */

/* Begin PBXFileReference section */
		53114A3329129DED00390C9D /* MovieDB.app */ = {isa = PBXFileReference; explicitFileType = wrapper.application; includeInIndex = 0; path = MovieDB.app; sourceTree = BUILT_PRODUCTS_DIR; };
		53114A3629129DED00390C9D /* MovieDBApp.swift */ = {isa = PBXFileReference; lastKnownFileType = sourcecode.swift; path = MovieDBApp.swift; sourceTree = "<group>"; };
		53114A3829129DED00390C9D /* ContentView.swift */ = {isa = PBXFileReference; lastKnownFileType = sourcecode.swift; path = ContentView.swift; sourceTree = "<group>"; };
		53114A3A29129DEE00390C9D /* Assets.xcassets */ = {isa = PBXFileReference; lastKnownFileType = folder.assetcatalog; path = Assets.xcassets; sourceTree = "<group>"; };
		53114A3D29129DEE00390C9D /* Preview Assets.xcassets */ = {isa = PBXFileReference; lastKnownFileType = folder.assetcatalog; path = "Preview Assets.xcassets"; sourceTree = "<group>"; };
		53114A4329129DEE00390C9D /* MovieDBTests.xctest */ = {isa = PBXFileReference; explicitFileType = wrapper.cfbundle; includeInIndex = 0; path = MovieDBTests.xctest; sourceTree = BUILT_PRODUCTS_DIR; };
		53114A4729129DEE00390C9D /* MovieDBTests.swift */ = {isa = PBXFileReference; lastKnownFileType = sourcecode.swift; path = MovieDBTests.swift; sourceTree = "<group>"; };
		53114A4D29129DEE00390C9D /* MovieDBUITests.xctest */ = {isa = PBXFileReference; explicitFileType = wrapper.cfbundle; includeInIndex = 0; path = MovieDBUITests.xctest; sourceTree = BUILT_PRODUCTS_DIR; };
		53114A5129129DEE00390C9D /* MovieDBUITests.swift */ = {isa = PBXFileReference; lastKnownFileType = sourcecode.swift; path = MovieDBUITests.swift; sourceTree = "<group>"; };
		53114A5329129DEE00390C9D /* MovieDBUITestsLaunchTests.swift */ = {isa = PBXFileReference; lastKnownFileType = sourcecode.swift; path = MovieDBUITestsLaunchTests.swift; sourceTree = "<group>"; };
		53114A6429129E7C00390C9D /* MovieContract.swift */ = {isa = PBXFileReference; lastKnownFileType = sourcecode.swift; path = MovieContract.swift; sourceTree = "<group>"; };
		53114A6D29129F0C00390C9D /* MovieApiRepository.swift */ = {isa = PBXFileReference; lastKnownFileType = sourcecode.swift; path = MovieApiRepository.swift; sourceTree = "<group>"; };
		53114A702912A04E00390C9D /* PaginatedResponse.swift */ = {isa = PBXFileReference; lastKnownFileType = sourcecode.swift; path = PaginatedResponse.swift; sourceTree = "<group>"; };
		53114A722912A09600390C9D /* Movie.swift */ = {isa = PBXFileReference; lastKnownFileType = sourcecode.swift; path = Movie.swift; sourceTree = "<group>"; };
		53114A762912A1D400390C9D /* Http.swift */ = {isa = PBXFileReference; lastKnownFileType = sourcecode.swift; path = Http.swift; sourceTree = "<group>"; };
		53114A792912A4DF00390C9D /* HttpContract.swift */ = {isa = PBXFileReference; lastKnownFileType = sourcecode.swift; path = HttpContract.swift; sourceTree = "<group>"; };
/* End PBXFileReference section */

/* Begin PBXFrameworksBuildPhase section */
		53114A3029129DED00390C9D /* Frameworks */ = {
			isa = PBXFrameworksBuildPhase;
			buildActionMask = 2147483647;
			files = (
			);
			runOnlyForDeploymentPostprocessing = 0;
		};
		53114A4029129DEE00390C9D /* Frameworks */ = {
			isa = PBXFrameworksBuildPhase;
			buildActionMask = 2147483647;
			files = (
			);
			runOnlyForDeploymentPostprocessing = 0;
		};
		53114A4A29129DEE00390C9D /* Frameworks */ = {
			isa = PBXFrameworksBuildPhase;
			buildActionMask = 2147483647;
			files = (
			);
			runOnlyForDeploymentPostprocessing = 0;
		};
/* End PBXFrameworksBuildPhase section */

/* Begin PBXGroup section */
		53114A2A29129DEC00390C9D = {
			isa = PBXGroup;
			children = (
				53114A3529129DED00390C9D /* MovieDB */,
				53114A4629129DEE00390C9D /* MovieDBTests */,
				53114A5029129DEE00390C9D /* MovieDBUITests */,
				53114A3429129DED00390C9D /* Products */,
			);
			sourceTree = "<group>";
		};
		53114A3429129DED00390C9D /* Products */ = {
			isa = PBXGroup;
			children = (
				53114A3329129DED00390C9D /* MovieDB.app */,
				53114A4329129DEE00390C9D /* MovieDBTests.xctest */,
				53114A4D29129DEE00390C9D /* MovieDBUITests.xctest */,
			);
			name = Products;
			sourceTree = "<group>";
		};
		53114A3529129DED00390C9D /* MovieDB */ = {
			isa = PBXGroup;
			children = (
				53114A6229129E2F00390C9D /* Services */,
				53114A6F2912A00D00390C9D /* Model */,
				53114A6029129E2400390C9D /* View */,
				53114A3629129DED00390C9D /* MovieDBApp.swift */,
				53114A3829129DED00390C9D /* ContentView.swift */,
				53114A3A29129DEE00390C9D /* Assets.xcassets */,
				53114A3C29129DEE00390C9D /* Preview Content */,
			);
			path = MovieDB;
			sourceTree = "<group>";
		};
		53114A3C29129DEE00390C9D /* Preview Content */ = {
			isa = PBXGroup;
			children = (
				53114A3D29129DEE00390C9D /* Preview Assets.xcassets */,
			);
			path = "Preview Content";
			sourceTree = "<group>";
		};
		53114A4629129DEE00390C9D /* MovieDBTests */ = {
			isa = PBXGroup;
			children = (
				53114A4729129DEE00390C9D /* MovieDBTests.swift */,
			);
			path = MovieDBTests;
			sourceTree = "<group>";
		};
		53114A5029129DEE00390C9D /* MovieDBUITests */ = {
			isa = PBXGroup;
			children = (
				53114A5129129DEE00390C9D /* MovieDBUITests.swift */,
				53114A5329129DEE00390C9D /* MovieDBUITestsLaunchTests.swift */,
			);
			path = MovieDBUITests;
			sourceTree = "<group>";
		};
		53114A6029129E2400390C9D /* View */ = {
			isa = PBXGroup;
			children = (
				53114A6129129E2900390C9D /* Screens */,
			);
			path = View;
			sourceTree = "<group>";
		};
		53114A6129129E2900390C9D /* Screens */ = {
			isa = PBXGroup;
			children = (
			);
			path = Screens;
			sourceTree = "<group>";
		};
		53114A6229129E2F00390C9D /* Services */ = {
			isa = PBXGroup;
			children = (
				53114A782912A3D700390C9D /* Http */,
				53114A6329129E4700390C9D /* Contract */,
				53114A6C29129EF000390C9D /* Repository */,
			);
			path = Services;
			sourceTree = "<group>";
		};
		53114A6329129E4700390C9D /* Contract */ = {
			isa = PBXGroup;
			children = (
				53114A792912A4DF00390C9D /* HttpContract.swift */,
				53114A6429129E7C00390C9D /* MovieContract.swift */,
			);
			path = Contract;
			sourceTree = "<group>";
		};
		53114A6C29129EF000390C9D /* Repository */ = {
			isa = PBXGroup;
			children = (
				53114A6D29129F0C00390C9D /* MovieApiRepository.swift */,
			);
			path = Repository;
			sourceTree = "<group>";
		};
		53114A6F2912A00D00390C9D /* Model */ = {
			isa = PBXGroup;
			children = (
				53114A702912A04E00390C9D /* PaginatedResponse.swift */,
				53114A722912A09600390C9D /* Movie.swift */,
			);
			path = Model;
			sourceTree = "<group>";
		};
		53114A782912A3D700390C9D /* Http */ = {
			isa = PBXGroup;
			children = (
				53114A762912A1D400390C9D /* Http.swift */,
			);
			path = Http;
			sourceTree = "<group>";
		};
/* End PBXGroup section */

/* Begin PBXNativeTarget section */
		53114A3229129DED00390C9D /* MovieDB */ = {
			isa = PBXNativeTarget;
			buildConfigurationList = 53114A5729129DEE00390C9D /* Build configuration list for PBXNativeTarget "MovieDB" */;
			buildPhases = (
				53114A2F29129DED00390C9D /* Sources */,
				53114A3029129DED00390C9D /* Frameworks */,
				53114A3129129DED00390C9D /* Resources */,
			);
			buildRules = (
			);
			dependencies = (
			);
			name = MovieDB;
			productName = MovieDB;
			productReference = 53114A3329129DED00390C9D /* MovieDB.app */;
			productType = "com.apple.product-type.application";
		};
		53114A4229129DEE00390C9D /* MovieDBTests */ = {
			isa = PBXNativeTarget;
			buildConfigurationList = 53114A5A29129DEE00390C9D /* Build configuration list for PBXNativeTarget "MovieDBTests" */;
			buildPhases = (
				53114A3F29129DEE00390C9D /* Sources */,
				53114A4029129DEE00390C9D /* Frameworks */,
				53114A4129129DEE00390C9D /* Resources */,
			);
			buildRules = (
			);
			dependencies = (
				53114A4529129DEE00390C9D /* PBXTargetDependency */,
			);
			name = MovieDBTests;
			productName = MovieDBTests;
			productReference = 53114A4329129DEE00390C9D /* MovieDBTests.xctest */;
			productType = "com.apple.product-type.bundle.unit-test";
		};
		53114A4C29129DEE00390C9D /* MovieDBUITests */ = {
			isa = PBXNativeTarget;
			buildConfigurationList = 53114A5D29129DEE00390C9D /* Build configuration list for PBXNativeTarget "MovieDBUITests" */;
			buildPhases = (
				53114A4929129DEE00390C9D /* Sources */,
				53114A4A29129DEE00390C9D /* Frameworks */,
				53114A4B29129DEE00390C9D /* Resources */,
			);
			buildRules = (
			);
			dependencies = (
				53114A4F29129DEE00390C9D /* PBXTargetDependency */,
			);
			name = MovieDBUITests;
			productName = MovieDBUITests;
			productReference = 53114A4D29129DEE00390C9D /* MovieDBUITests.xctest */;
			productType = "com.apple.product-type.bundle.ui-testing";
		};
/* End PBXNativeTarget section */

/* Begin PBXProject section */
		53114A2B29129DED00390C9D /* Project object */ = {
			isa = PBXProject;
			attributes = {
				BuildIndependentTargetsInParallel = 1;
				LastSwiftUpdateCheck = 1400;
				LastUpgradeCheck = 1400;
				TargetAttributes = {
					53114A3229129DED00390C9D = {
						CreatedOnToolsVersion = 14.0.1;
					};
					53114A4229129DEE00390C9D = {
						CreatedOnToolsVersion = 14.0.1;
						TestTargetID = 53114A3229129DED00390C9D;
					};
					53114A4C29129DEE00390C9D = {
						CreatedOnToolsVersion = 14.0.1;
						TestTargetID = 53114A3229129DED00390C9D;
					};
				};
			};
			buildConfigurationList = 53114A2E29129DED00390C9D /* Build configuration list for PBXProject "MovieDB" */;
			compatibilityVersion = "Xcode 14.0";
			developmentRegion = en;
			hasScannedForEncodings = 0;
			knownRegions = (
				en,
				Base,
			);
			mainGroup = 53114A2A29129DEC00390C9D;
			productRefGroup = 53114A3429129DED00390C9D /* Products */;
			projectDirPath = "";
			projectRoot = "";
			targets = (
				53114A3229129DED00390C9D /* MovieDB */,
				53114A4229129DEE00390C9D /* MovieDBTests */,
				53114A4C29129DEE00390C9D /* MovieDBUITests */,
			);
		};
/* End PBXProject section */

/* Begin PBXResourcesBuildPhase section */
		53114A3129129DED00390C9D /* Resources */ = {
			isa = PBXResourcesBuildPhase;
			buildActionMask = 2147483647;
			files = (
				53114A3E29129DEE00390C9D /* Preview Assets.xcassets in Resources */,
				53114A3B29129DEE00390C9D /* Assets.xcassets in Resources */,
			);
			runOnlyForDeploymentPostprocessing = 0;
		};
		53114A4129129DEE00390C9D /* Resources */ = {
			isa = PBXResourcesBuildPhase;
			buildActionMask = 2147483647;
			files = (
			);
			runOnlyForDeploymentPostprocessing = 0;
		};
		53114A4B29129DEE00390C9D /* Resources */ = {
			isa = PBXResourcesBuildPhase;
			buildActionMask = 2147483647;
			files = (
			);
			runOnlyForDeploymentPostprocessing = 0;
		};
/* End PBXResourcesBuildPhase section */

/* Begin PBXSourcesBuildPhase section */
		53114A2F29129DED00390C9D /* Sources */ = {
			isa = PBXSourcesBuildPhase;
			buildActionMask = 2147483647;
			files = (
				53114A3929129DED00390C9D /* ContentView.swift in Sources */,
				53114A6E29129F0C00390C9D /* MovieApiRepository.swift in Sources */,
				53114A732912A09600390C9D /* Movie.swift in Sources */,
				53114A7A2912A4DF00390C9D /* HttpContract.swift in Sources */,
				53114A3729129DED00390C9D /* MovieDBApp.swift in Sources */,
				53114A6529129E7C00390C9D /* MovieContract.swift in Sources */,
				53114A712912A04E00390C9D /* PaginatedResponse.swift in Sources */,
				53114A772912A1D400390C9D /* Http.swift in Sources */,
			);
			runOnlyForDeploymentPostprocessing = 0;
		};
		53114A3F29129DEE00390C9D /* Sources */ = {
			isa = PBXSourcesBuildPhase;
			buildActionMask = 2147483647;
			files = (
				53114A4829129DEE00390C9D /* MovieDBTests.swift in Sources */,
			);
			runOnlyForDeploymentPostprocessing = 0;
		};
		53114A4929129DEE00390C9D /* Sources */ = {
			isa = PBXSourcesBuildPhase;
			buildActionMask = 2147483647;
			files = (
				53114A5229129DEE00390C9D /* MovieDBUITests.swift in Sources */,
				53114A5429129DEE00390C9D /* MovieDBUITestsLaunchTests.swift in Sources */,
			);
			runOnlyForDeploymentPostprocessing = 0;
		};
/* End PBXSourcesBuildPhase section */

/* Begin PBXTargetDependency section */
		53114A4529129DEE00390C9D /* PBXTargetDependency */ = {
			isa = PBXTargetDependency;
			target = 53114A3229129DED00390C9D /* MovieDB */;
			targetProxy = 53114A4429129DEE00390C9D /* PBXContainerItemProxy */;
		};
		53114A4F29129DEE00390C9D /* PBXTargetDependency */ = {
			isa = PBXTargetDependency;
			target = 53114A3229129DED00390C9D /* MovieDB */;
			targetProxy = 53114A4E29129DEE00390C9D /* PBXContainerItemProxy */;
		};
/* End PBXTargetDependency section */

/* Begin XCBuildConfiguration section */
		53114A5529129DEE00390C9D /* Debug */ = {
			isa = XCBuildConfiguration;
			buildSettings = {
				ALWAYS_SEARCH_USER_PATHS = NO;
				CLANG_ANALYZER_NONNULL = YES;
				CLANG_ANALYZER_NUMBER_OBJECT_CONVERSION = YES_AGGRESSIVE;
				CLANG_CXX_LANGUAGE_STANDARD = "gnu++20";
				CLANG_ENABLE_MODULES = YES;
				CLANG_ENABLE_OBJC_ARC = YES;
				CLANG_ENABLE_OBJC_WEAK = YES;
				CLANG_WARN_BLOCK_CAPTURE_AUTORELEASING = YES;
				CLANG_WARN_BOOL_CONVERSION = YES;
				CLANG_WARN_COMMA = YES;
				CLANG_WARN_CONSTANT_CONVERSION = YES;
				CLANG_WARN_DEPRECATED_OBJC_IMPLEMENTATIONS = YES;
				CLANG_WARN_DIRECT_OBJC_ISA_USAGE = YES_ERROR;
				CLANG_WARN_DOCUMENTATION_COMMENTS = YES;
				CLANG_WARN_EMPTY_BODY = YES;
				CLANG_WARN_ENUM_CONVERSION = YES;
				CLANG_WARN_INFINITE_RECURSION = YES;
				CLANG_WARN_INT_CONVERSION = YES;
				CLANG_WARN_NON_LITERAL_NULL_CONVERSION = YES;
				CLANG_WARN_OBJC_IMPLICIT_RETAIN_SELF = YES;
				CLANG_WARN_OBJC_LITERAL_CONVERSION = YES;
				CLANG_WARN_OBJC_ROOT_CLASS = YES_ERROR;
				CLANG_WARN_QUOTED_INCLUDE_IN_FRAMEWORK_HEADER = YES;
				CLANG_WARN_RANGE_LOOP_ANALYSIS = YES;
				CLANG_WARN_STRICT_PROTOTYPES = YES;
				CLANG_WARN_SUSPICIOUS_MOVE = YES;
				CLANG_WARN_UNGUARDED_AVAILABILITY = YES_AGGRESSIVE;
				CLANG_WARN_UNREACHABLE_CODE = YES;
				CLANG_WARN__DUPLICATE_METHOD_MATCH = YES;
				COPY_PHASE_STRIP = NO;
				DEBUG_INFORMATION_FORMAT = dwarf;
				ENABLE_STRICT_OBJC_MSGSEND = YES;
				ENABLE_TESTABILITY = YES;
				GCC_C_LANGUAGE_STANDARD = gnu11;
				GCC_DYNAMIC_NO_PIC = NO;
				GCC_NO_COMMON_BLOCKS = YES;
				GCC_OPTIMIZATION_LEVEL = 0;
				GCC_PREPROCESSOR_DEFINITIONS = (
					"DEBUG=1",
					"$(inherited)",
				);
				GCC_WARN_64_TO_32_BIT_CONVERSION = YES;
				GCC_WARN_ABOUT_RETURN_TYPE = YES_ERROR;
				GCC_WARN_UNDECLARED_SELECTOR = YES;
				GCC_WARN_UNINITIALIZED_AUTOS = YES_AGGRESSIVE;
				GCC_WARN_UNUSED_FUNCTION = YES;
				GCC_WARN_UNUSED_VARIABLE = YES;
				IPHONEOS_DEPLOYMENT_TARGET = 16.0;
				MTL_ENABLE_DEBUG_INFO = INCLUDE_SOURCE;
				MTL_FAST_MATH = YES;
				ONLY_ACTIVE_ARCH = YES;
				SDKROOT = iphoneos;
				SWIFT_ACTIVE_COMPILATION_CONDITIONS = DEBUG;
				SWIFT_OPTIMIZATION_LEVEL = "-Onone";
			};
			name = Debug;
		};
		53114A5629129DEE00390C9D /* Release */ = {
			isa = XCBuildConfiguration;
			buildSettings = {
				ALWAYS_SEARCH_USER_PATHS = NO;
				CLANG_ANALYZER_NONNULL = YES;
				CLANG_ANALYZER_NUMBER_OBJECT_CONVERSION = YES_AGGRESSIVE;
				CLANG_CXX_LANGUAGE_STANDARD = "gnu++20";
				CLANG_ENABLE_MODULES = YES;
				CLANG_ENABLE_OBJC_ARC = YES;
				CLANG_ENABLE_OBJC_WEAK = YES;
				CLANG_WARN_BLOCK_CAPTURE_AUTORELEASING = YES;
				CLANG_WARN_BOOL_CONVERSION = YES;
				CLANG_WARN_COMMA = YES;
				CLANG_WARN_CONSTANT_CONVERSION = YES;
				CLANG_WARN_DEPRECATED_OBJC_IMPLEMENTATIONS = YES;
				CLANG_WARN_DIRECT_OBJC_ISA_USAGE = YES_ERROR;
				CLANG_WARN_DOCUMENTATION_COMMENTS = YES;
				CLANG_WARN_EMPTY_BODY = YES;
				CLANG_WARN_ENUM_CONVERSION = YES;
				CLANG_WARN_INFINITE_RECURSION = YES;
				CLANG_WARN_INT_CONVERSION = YES;
				CLANG_WARN_NON_LITERAL_NULL_CONVERSION = YES;
				CLANG_WARN_OBJC_IMPLICIT_RETAIN_SELF = YES;
				CLANG_WARN_OBJC_LITERAL_CONVERSION = YES;
				CLANG_WARN_OBJC_ROOT_CLASS = YES_ERROR;
				CLANG_WARN_QUOTED_INCLUDE_IN_FRAMEWORK_HEADER = YES;
				CLANG_WARN_RANGE_LOOP_ANALYSIS = YES;
				CLANG_WARN_STRICT_PROTOTYPES = YES;
				CLANG_WARN_SUSPICIOUS_MOVE = YES;
				CLANG_WARN_UNGUARDED_AVAILABILITY = YES_AGGRESSIVE;
				CLANG_WARN_UNREACHABLE_CODE = YES;
				CLANG_WARN__DUPLICATE_METHOD_MATCH = YES;
				COPY_PHASE_STRIP = NO;
				DEBUG_INFORMATION_FORMAT = "dwarf-with-dsym";
				ENABLE_NS_ASSERTIONS = NO;
				ENABLE_STRICT_OBJC_MSGSEND = YES;
				GCC_C_LANGUAGE_STANDARD = gnu11;
				GCC_NO_COMMON_BLOCKS = YES;
				GCC_WARN_64_TO_32_BIT_CONVERSION = YES;
				GCC_WARN_ABOUT_RETURN_TYPE = YES_ERROR;
				GCC_WARN_UNDECLARED_SELECTOR = YES;
				GCC_WARN_UNINITIALIZED_AUTOS = YES_AGGRESSIVE;
				GCC_WARN_UNUSED_FUNCTION = YES;
				GCC_WARN_UNUSED_VARIABLE = YES;
				IPHONEOS_DEPLOYMENT_TARGET = 16.0;
				MTL_ENABLE_DEBUG_INFO = NO;
				MTL_FAST_MATH = YES;
				SDKROOT = iphoneos;
				SWIFT_COMPILATION_MODE = wholemodule;
				SWIFT_OPTIMIZATION_LEVEL = "-O";
				VALIDATE_PRODUCT = YES;
			};
			name = Release;
		};
		53114A5829129DEE00390C9D /* Debug */ = {
			isa = XCBuildConfiguration;
			buildSettings = {
				ASSETCATALOG_COMPILER_APPICON_NAME = AppIcon;
				ASSETCATALOG_COMPILER_GLOBAL_ACCENT_COLOR_NAME = AccentColor;
				CODE_SIGN_STYLE = Automatic;
				CURRENT_PROJECT_VERSION = 1;
				DEVELOPMENT_ASSET_PATHS = "\"MovieDB/Preview Content\"";
				DEVELOPMENT_TEAM = FZSAPS42SZ;
				ENABLE_PREVIEWS = YES;
				GENERATE_INFOPLIST_FILE = YES;
				INFOPLIST_KEY_UIApplicationSceneManifest_Generation = YES;
				INFOPLIST_KEY_UIApplicationSupportsIndirectInputEvents = YES;
				INFOPLIST_KEY_UILaunchScreen_Generation = YES;
				INFOPLIST_KEY_UISupportedInterfaceOrientations_iPad = "UIInterfaceOrientationPortrait UIInterfaceOrientationPortraitUpsideDown UIInterfaceOrientationLandscapeLeft UIInterfaceOrientationLandscapeRight";
				INFOPLIST_KEY_UISupportedInterfaceOrientations_iPhone = "UIInterfaceOrientationPortrait UIInterfaceOrientationLandscapeLeft UIInterfaceOrientationLandscapeRight";
				IPHONEOS_DEPLOYMENT_TARGET = 14.0;
				LD_RUNPATH_SEARCH_PATHS = (
					"$(inherited)",
					"@executable_path/Frameworks",
				);
				MARKETING_VERSION = 1.0;
				PRODUCT_BUNDLE_IDENTIFIER = com.robertsandru.MovieDB;
				PRODUCT_NAME = "$(TARGET_NAME)";
				SWIFT_EMIT_LOC_STRINGS = YES;
				SWIFT_VERSION = 5.0;
				TARGETED_DEVICE_FAMILY = "1,2";
			};
			name = Debug;
		};
		53114A5929129DEE00390C9D /* Release */ = {
			isa = XCBuildConfiguration;
			buildSettings = {
				ASSETCATALOG_COMPILER_APPICON_NAME = AppIcon;
				ASSETCATALOG_COMPILER_GLOBAL_ACCENT_COLOR_NAME = AccentColor;
				CODE_SIGN_STYLE = Automatic;
				CURRENT_PROJECT_VERSION = 1;
				DEVELOPMENT_ASSET_PATHS = "\"MovieDB/Preview Content\"";
				DEVELOPMENT_TEAM = FZSAPS42SZ;
				ENABLE_PREVIEWS = YES;
				GENERATE_INFOPLIST_FILE = YES;
				INFOPLIST_KEY_UIApplicationSceneManifest_Generation = YES;
				INFOPLIST_KEY_UIApplicationSupportsIndirectInputEvents = YES;
				INFOPLIST_KEY_UILaunchScreen_Generation = YES;
				INFOPLIST_KEY_UISupportedInterfaceOrientations_iPad = "UIInterfaceOrientationPortrait UIInterfaceOrientationPortraitUpsideDown UIInterfaceOrientationLandscapeLeft UIInterfaceOrientationLandscapeRight";
				INFOPLIST_KEY_UISupportedInterfaceOrientations_iPhone = "UIInterfaceOrientationPortrait UIInterfaceOrientationLandscapeLeft UIInterfaceOrientationLandscapeRight";
				IPHONEOS_DEPLOYMENT_TARGET = 14.0;
				LD_RUNPATH_SEARCH_PATHS = (
					"$(inherited)",
					"@executable_path/Frameworks",
				);
				MARKETING_VERSION = 1.0;
				PRODUCT_BUNDLE_IDENTIFIER = com.robertsandru.MovieDB;
				PRODUCT_NAME = "$(TARGET_NAME)";
				SWIFT_EMIT_LOC_STRINGS = YES;
				SWIFT_VERSION = 5.0;
				TARGETED_DEVICE_FAMILY = "1,2";
			};
			name = Release;
		};
		53114A5B29129DEE00390C9D /* Debug */ = {
			isa = XCBuildConfiguration;
			buildSettings = {
				ALWAYS_EMBED_SWIFT_STANDARD_LIBRARIES = YES;
				BUNDLE_LOADER = "$(TEST_HOST)";
				CODE_SIGN_STYLE = Automatic;
				CURRENT_PROJECT_VERSION = 1;
				DEVELOPMENT_TEAM = FZSAPS42SZ;
				GENERATE_INFOPLIST_FILE = YES;
				IPHONEOS_DEPLOYMENT_TARGET = 16.0;
				MARKETING_VERSION = 1.0;
				PRODUCT_BUNDLE_IDENTIFIER = com.robertsandru.MovieDBTests;
				PRODUCT_NAME = "$(TARGET_NAME)";
				SWIFT_EMIT_LOC_STRINGS = NO;
				SWIFT_VERSION = 5.0;
				TARGETED_DEVICE_FAMILY = "1,2";
				TEST_HOST = "$(BUILT_PRODUCTS_DIR)/MovieDB.app/$(BUNDLE_EXECUTABLE_FOLDER_PATH)/MovieDB";
			};
			name = Debug;
		};
		53114A5C29129DEE00390C9D /* Release */ = {
			isa = XCBuildConfiguration;
			buildSettings = {
				ALWAYS_EMBED_SWIFT_STANDARD_LIBRARIES = YES;
				BUNDLE_LOADER = "$(TEST_HOST)";
				CODE_SIGN_STYLE = Automatic;
				CURRENT_PROJECT_VERSION = 1;
				DEVELOPMENT_TEAM = FZSAPS42SZ;
				GENERATE_INFOPLIST_FILE = YES;
				IPHONEOS_DEPLOYMENT_TARGET = 16.0;
				MARKETING_VERSION = 1.0;
				PRODUCT_BUNDLE_IDENTIFIER = com.robertsandru.MovieDBTests;
				PRODUCT_NAME = "$(TARGET_NAME)";
				SWIFT_EMIT_LOC_STRINGS = NO;
				SWIFT_VERSION = 5.0;
				TARGETED_DEVICE_FAMILY = "1,2";
				TEST_HOST = "$(BUILT_PRODUCTS_DIR)/MovieDB.app/$(BUNDLE_EXECUTABLE_FOLDER_PATH)/MovieDB";
			};
			name = Release;
		};
		53114A5E29129DEE00390C9D /* Debug */ = {
			isa = XCBuildConfiguration;
			buildSettings = {
				ALWAYS_EMBED_SWIFT_STANDARD_LIBRARIES = YES;
				CODE_SIGN_STYLE = Automatic;
				CURRENT_PROJECT_VERSION = 1;
				DEVELOPMENT_TEAM = FZSAPS42SZ;
				GENERATE_INFOPLIST_FILE = YES;
				MARKETING_VERSION = 1.0;
				PRODUCT_BUNDLE_IDENTIFIER = com.robertsandru.MovieDBUITests;
				PRODUCT_NAME = "$(TARGET_NAME)";
				SWIFT_EMIT_LOC_STRINGS = NO;
				SWIFT_VERSION = 5.0;
				TARGETED_DEVICE_FAMILY = "1,2";
				TEST_TARGET_NAME = MovieDB;
			};
			name = Debug;
		};
		53114A5F29129DEE00390C9D /* Release */ = {
			isa = XCBuildConfiguration;
			buildSettings = {
				ALWAYS_EMBED_SWIFT_STANDARD_LIBRARIES = YES;
				CODE_SIGN_STYLE = Automatic;
				CURRENT_PROJECT_VERSION = 1;
				DEVELOPMENT_TEAM = FZSAPS42SZ;
				GENERATE_INFOPLIST_FILE = YES;
				MARKETING_VERSION = 1.0;
				PRODUCT_BUNDLE_IDENTIFIER = com.robertsandru.MovieDBUITests;
				PRODUCT_NAME = "$(TARGET_NAME)";
				SWIFT_EMIT_LOC_STRINGS = NO;
				SWIFT_VERSION = 5.0;
				TARGETED_DEVICE_FAMILY = "1,2";
				TEST_TARGET_NAME = MovieDB;
			};
			name = Release;
		};
/* End XCBuildConfiguration section */

/* Begin XCConfigurationList section */
		53114A2E29129DED00390C9D /* Build configuration list for PBXProject "MovieDB" */ = {
			isa = XCConfigurationList;
			buildConfigurations = (
				53114A5529129DEE00390C9D /* Debug */,
				53114A5629129DEE00390C9D /* Release */,
			);
			defaultConfigurationIsVisible = 0;
			defaultConfigurationName = Release;
		};
		53114A5729129DEE00390C9D /* Build configuration list for PBXNativeTarget "MovieDB" */ = {
			isa = XCConfigurationList;
			buildConfigurations = (
				53114A5829129DEE00390C9D /* Debug */,
				53114A5929129DEE00390C9D /* Release */,
			);
			defaultConfigurationIsVisible = 0;
			defaultConfigurationName = Release;
		};
		53114A5A29129DEE00390C9D /* Build configuration list for PBXNativeTarget "MovieDBTests" */ = {
			isa = XCConfigurationList;
			buildConfigurations = (
				53114A5B29129DEE00390C9D /* Debug */,
				53114A5C29129DEE00390C9D /* Release */,
			);
			defaultConfigurationIsVisible = 0;
			defaultConfigurationName = Release;
		};
		53114A5D29129DEE00390C9D /* Build configuration list for PBXNativeTarget "MovieDBUITests" */ = {
			isa = XCConfigurationList;
			buildConfigurations = (
				53114A5E29129DEE00390C9D /* Debug */,
				53114A5F29129DEE00390C9D /* Release */,
			);
			defaultConfigurationIsVisible = 0;
			defaultConfigurationName = Release;
		};
/* End XCConfigurationList section */
	};
	rootObject = 53114A2B29129DED00390C9D /* Project object */;
}
