// !$*UTF8*$!
{
	archiveVersion = 1;
	classes = {
	};
	objectVersion = 56;
	objects = {

/* Begin PBXBuildFile section */
		53114A3729129DED00390C9D /* MovieDBApp.swift in Sources */ = {isa = PBXBuildFile; fileRef = 53114A3629129DED00390C9D /* MovieDBApp.swift */; };
		53114A3929129DED00390C9D /* ContentView.swift in Sources */ = {isa = PBXBuildFile; fileRef = 53114A3829129DED00390C9D /* ContentView.swift */; };
		53114A3B29129DEE00390C9D /* Assets.xcassets in Resources */ = {isa = PBXBuildFile; fileRef = 53114A3A29129DEE00390C9D /* Assets.xcassets */; };
		53114A3E29129DEE00390C9D /* Preview Assets.xcassets in Resources */ = {isa = PBXBuildFile; fileRef = 53114A3D29129DEE00390C9D /* Preview Assets.xcassets */; };
		53114A4829129DEE00390C9D /* MovieDBTests.swift in Sources */ = {isa = PBXBuildFile; fileRef = 53114A4729129DEE00390C9D /* MovieDBTests.swift */; };
		53114A5229129DEE00390C9D /* MovieDBUITests.swift in Sources */ = {isa = PBXBuildFile; fileRef = 53114A5129129DEE00390C9D /* MovieDBUITests.swift */; };
		53114A5429129DEE00390C9D /* MovieDBUITestsLaunchTests.swift in Sources */ = {isa = PBXBuildFile; fileRef = 53114A5329129DEE00390C9D /* MovieDBUITestsLaunchTests.swift */; };
		53114A6529129E7C00390C9D /* MovieContract.swift in Sources */ = {isa = PBXBuildFile; fileRef = 53114A6429129E7C00390C9D /* MovieContract.swift */; };
		53114A6E29129F0C00390C9D /* MovieApiRepository.swift in Sources */ = {isa = PBXBuildFile; fileRef = 53114A6D29129F0C00390C9D /* MovieApiRepository.swift */; };
		53114A712912A04E00390C9D /* PaginatedResponse.swift in Sources */ = {isa = PBXBuildFile; fileRef = 53114A702912A04E00390C9D /* PaginatedResponse.swift */; };
		53114A732912A09600390C9D /* Movie.swift in Sources */ = {isa = PBXBuildFile; fileRef = 53114A722912A09600390C9D /* Movie.swift */; };
		53114A772912A1D400390C9D /* Http.swift in Sources */ = {isa = PBXBuildFile; fileRef = 53114A762912A1D400390C9D /* Http.swift */; };
		53114A7A2912A4DF00390C9D /* HttpContract.swift in Sources */ = {isa = PBXBuildFile; fileRef = 53114A792912A4DF00390C9D /* HttpContract.swift */; };
		53114A7F2912B07600390C9D /* ApiContract.swift in Sources */ = {isa = PBXBuildFile; fileRef = 53114A7E2912B07600390C9D /* ApiContract.swift */; };
		53114A932912BE5B00390C9D /* MovieApi.swift in Sources */ = {isa = PBXBuildFile; fileRef = 53114A922912BE5B00390C9D /* MovieApi.swift */; };
		53114A982912CD3000390C9D /* Store.swift in Sources */ = {isa = PBXBuildFile; fileRef = 53114A972912CD3000390C9D /* Store.swift */; };
		53114A9A2912CDE100390C9D /* Container.swift in Sources */ = {isa = PBXBuildFile; fileRef = 53114A992912CDE100390C9D /* Container.swift */; };
		53114A9C2912CDFF00390C9D /* AppState.swift in Sources */ = {isa = PBXBuildFile; fileRef = 53114A9B2912CDFF00390C9D /* AppState.swift */; };
		53114A9E2912D22F00390C9D /* AppEnvironment.swift in Sources */ = {isa = PBXBuildFile; fileRef = 53114A9D2912D22F00390C9D /* AppEnvironment.swift */; };
		53114AA02912D3BC00390C9D /* HomeScreenView.swift in Sources */ = {isa = PBXBuildFile; fileRef = 53114A9F2912D3BC00390C9D /* HomeScreenView.swift */; };
		53114AB32912D47F00390C9D /* OpenSans-SemiBold.ttf in Resources */ = {isa = PBXBuildFile; fileRef = 53114AA72912D47F00390C9D /* OpenSans-SemiBold.ttf */; };
		53114AB42912D47F00390C9D /* OpenSans-Bold.ttf in Resources */ = {isa = PBXBuildFile; fileRef = 53114AA82912D47F00390C9D /* OpenSans-Bold.ttf */; };
		53114ABE2912D90B00390C9D /* MainTabBarView.swift in Sources */ = {isa = PBXBuildFile; fileRef = 53114ABD2912D90B00390C9D /* MainTabBarView.swift */; };
		53114AC12912D99F00390C9D /* Color.swift in Sources */ = {isa = PBXBuildFile; fileRef = 53114AC02912D99F00390C9D /* Color.swift */; };
		53114AC42912E11F00390C9D /* AppScreen.swift in Sources */ = {isa = PBXBuildFile; fileRef = 53114AC32912E11F00390C9D /* AppScreen.swift */; };
		53114AC62912FB2D00390C9D /* Constants.swift in Sources */ = {isa = PBXBuildFile; fileRef = 53114AC52912FB2D00390C9D /* Constants.swift */; };
		53114ACA2912FC5300390C9D /* UIFont.swift in Sources */ = {isa = PBXBuildFile; fileRef = 53114AC92912FC5300390C9D /* UIFont.swift */; };
		53114ACC2912FE6200390C9D /* GlobalAppearance.swift in Sources */ = {isa = PBXBuildFile; fileRef = 53114ACB2912FE6200390C9D /* GlobalAppearance.swift */; };
		53CF650B2913007100665CEC /* HorizontalTabView.swift in Sources */ = {isa = PBXBuildFile; fileRef = 53CF650A2913007100665CEC /* HorizontalTabView.swift */; };
		53CF650D291301CD00665CEC /* Font.swift in Sources */ = {isa = PBXBuildFile; fileRef = 53CF650C291301CD00665CEC /* Font.swift */; };
		53CF651029130EDF00665CEC /* HomeScreenViewModel.swift in Sources */ = {isa = PBXBuildFile; fileRef = 53CF650F29130EDF00665CEC /* HomeScreenViewModel.swift */; };
		53CF651229131BFC00665CEC /* MovieCardListView.swift in Sources */ = {isa = PBXBuildFile; fileRef = 53CF651129131BFC00665CEC /* MovieCardListView.swift */; };
		53CF65172913289300665CEC /* MovieCardListItemViewModel.swift in Sources */ = {isa = PBXBuildFile; fileRef = 53CF65162913289300665CEC /* MovieCardListItemViewModel.swift */; };
		53CF65192913348200665CEC /* Date.swift in Sources */ = {isa = PBXBuildFile; fileRef = 53CF65182913348200665CEC /* Date.swift */; };
/* End PBXBuildFile section */

/* Begin PBXContainerItemProxy section */
		53114A4429129DEE00390C9D /* PBXContainerItemProxy */ = {
			isa = PBXContainerItemProxy;
			containerPortal = 53114A2B29129DED00390C9D /* Project object */;
			proxyType = 1;
			remoteGlobalIDString = 53114A3229129DED00390C9D;
			remoteInfo = MovieDB;
		};
		53114A4E29129DEE00390C9D /* PBXContainerItemProxy */ = {
			isa = PBXContainerItemProxy;
			containerPortal = 53114A2B29129DED00390C9D /* Project object */;
			proxyType = 1;
			remoteGlobalIDString = 53114A3229129DED00390C9D;
			remoteInfo = MovieDB;
		};
/* End PBXContainerItemProxy section */

/* Begin PBXFileReference section */
		53114A3329129DED00390C9D /* MovieDB.app */ = {isa = PBXFileReference; explicitFileType = wrapper.application; includeInIndex = 0; path = MovieDB.app; sourceTree = BUILT_PRODUCTS_DIR; };
		53114A3629129DED00390C9D /* MovieDBApp.swift */ = {isa = PBXFileReference; lastKnownFileType = sourcecode.swift; path = MovieDBApp.swift; sourceTree = "<group>"; };
		53114A3829129DED00390C9D /* ContentView.swift */ = {isa = PBXFileReference; lastKnownFileType = sourcecode.swift; path = ContentView.swift; sourceTree = "<group>"; };
		53114A3A29129DEE00390C9D /* Assets.xcassets */ = {isa = PBXFileReference; lastKnownFileType = folder.assetcatalog; path = Assets.xcassets; sourceTree = "<group>"; };
		53114A3D29129DEE00390C9D /* Preview Assets.xcassets */ = {isa = PBXFileReference; lastKnownFileType = folder.assetcatalog; path = "Preview Assets.xcassets"; sourceTree = "<group>"; };
		53114A4329129DEE00390C9D /* MovieDBTests.xctest */ = {isa = PBXFileReference; explicitFileType = wrapper.cfbundle; includeInIndex = 0; path = MovieDBTests.xctest; sourceTree = BUILT_PRODUCTS_DIR; };
		53114A4729129DEE00390C9D /* MovieDBTests.swift */ = {isa = PBXFileReference; lastKnownFileType = sourcecode.swift; path = MovieDBTests.swift; sourceTree = "<group>"; };
		53114A4D29129DEE00390C9D /* MovieDBUITests.xctest */ = {isa = PBXFileReference; explicitFileType = wrapper.cfbundle; includeInIndex = 0; path = MovieDBUITests.xctest; sourceTree = BUILT_PRODUCTS_DIR; };
		53114A5129129DEE00390C9D /* MovieDBUITests.swift */ = {isa = PBXFileReference; lastKnownFileType = sourcecode.swift; path = MovieDBUITests.swift; sourceTree = "<group>"; };
		53114A5329129DEE00390C9D /* MovieDBUITestsLaunchTests.swift */ = {isa = PBXFileReference; lastKnownFileType = sourcecode.swift; path = MovieDBUITestsLaunchTests.swift; sourceTree = "<group>"; };
		53114A6429129E7C00390C9D /* MovieContract.swift */ = {isa = PBXFileReference; lastKnownFileType = sourcecode.swift; path = MovieContract.swift; sourceTree = "<group>"; };
		53114A6D29129F0C00390C9D /* MovieApiRepository.swift */ = {isa = PBXFileReference; lastKnownFileType = sourcecode.swift; path = MovieApiRepository.swift; sourceTree = "<group>"; };
		53114A702912A04E00390C9D /* PaginatedResponse.swift */ = {isa = PBXFileReference; lastKnownFileType = sourcecode.swift; path = PaginatedResponse.swift; sourceTree = "<group>"; };
		53114A722912A09600390C9D /* Movie.swift */ = {isa = PBXFileReference; lastKnownFileType = sourcecode.swift; path = Movie.swift; sourceTree = "<group>"; };
		53114A762912A1D400390C9D /* Http.swift */ = {isa = PBXFileReference; lastKnownFileType = sourcecode.swift; path = Http.swift; sourceTree = "<group>"; };
		53114A792912A4DF00390C9D /* HttpContract.swift */ = {isa = PBXFileReference; lastKnownFileType = sourcecode.swift; path = HttpContract.swift; sourceTree = "<group>"; };
		53114A7E2912B07600390C9D /* ApiContract.swift */ = {isa = PBXFileReference; lastKnownFileType = sourcecode.swift; path = ApiContract.swift; sourceTree = "<group>"; };
		53114A922912BE5B00390C9D /* MovieApi.swift */ = {isa = PBXFileReference; lastKnownFileType = sourcecode.swift; path = MovieApi.swift; sourceTree = "<group>"; };
		53114A972912CD3000390C9D /* Store.swift */ = {isa = PBXFileReference; lastKnownFileType = sourcecode.swift; path = Store.swift; sourceTree = "<group>"; };
		53114A992912CDE100390C9D /* Container.swift */ = {isa = PBXFileReference; lastKnownFileType = sourcecode.swift; path = Container.swift; sourceTree = "<group>"; };
		53114A9B2912CDFF00390C9D /* AppState.swift */ = {isa = PBXFileReference; lastKnownFileType = sourcecode.swift; path = AppState.swift; sourceTree = "<group>"; };
		53114A9D2912D22F00390C9D /* AppEnvironment.swift */ = {isa = PBXFileReference; lastKnownFileType = sourcecode.swift; path = AppEnvironment.swift; sourceTree = "<group>"; };
		53114A9F2912D3BC00390C9D /* HomeScreenView.swift */ = {isa = PBXFileReference; lastKnownFileType = sourcecode.swift; path = HomeScreenView.swift; sourceTree = "<group>"; };
		53114AA72912D47F00390C9D /* OpenSans-SemiBold.ttf */ = {isa = PBXFileReference; lastKnownFileType = file; path = "OpenSans-SemiBold.ttf"; sourceTree = "<group>"; };
		53114AA82912D47F00390C9D /* OpenSans-Bold.ttf */ = {isa = PBXFileReference; lastKnownFileType = file; path = "OpenSans-Bold.ttf"; sourceTree = "<group>"; };
		53114ABB2912D50A00390C9D /* Info.plist */ = {isa = PBXFileReference; lastKnownFileType = text.plist; path = Info.plist; sourceTree = "<group>"; };
		53114ABD2912D90B00390C9D /* MainTabBarView.swift */ = {isa = PBXFileReference; lastKnownFileType = sourcecode.swift; path = MainTabBarView.swift; sourceTree = "<group>"; };
		53114AC02912D99F00390C9D /* Color.swift */ = {isa = PBXFileReference; lastKnownFileType = sourcecode.swift; path = Color.swift; sourceTree = "<group>"; };
		53114AC32912E11F00390C9D /* AppScreen.swift */ = {isa = PBXFileReference; lastKnownFileType = sourcecode.swift; path = AppScreen.swift; sourceTree = "<group>"; };
		53114AC52912FB2D00390C9D /* Constants.swift */ = {isa = PBXFileReference; lastKnownFileType = sourcecode.swift; path = Constants.swift; sourceTree = "<group>"; };
		53114AC92912FC5300390C9D /* UIFont.swift */ = {isa = PBXFileReference; lastKnownFileType = sourcecode.swift; path = UIFont.swift; sourceTree = "<group>"; };
		53114ACB2912FE6200390C9D /* GlobalAppearance.swift */ = {isa = PBXFileReference; lastKnownFileType = sourcecode.swift; path = GlobalAppearance.swift; sourceTree = "<group>"; };
		53CF650A2913007100665CEC /* HorizontalTabView.swift */ = {isa = PBXFileReference; lastKnownFileType = sourcecode.swift; path = HorizontalTabView.swift; sourceTree = "<group>"; };
		53CF650C291301CD00665CEC /* Font.swift */ = {isa = PBXFileReference; lastKnownFileType = sourcecode.swift; path = Font.swift; sourceTree = "<group>"; };
		53CF650F29130EDF00665CEC /* HomeScreenViewModel.swift */ = {isa = PBXFileReference; lastKnownFileType = sourcecode.swift; path = HomeScreenViewModel.swift; sourceTree = "<group>"; };
		53CF651129131BFC00665CEC /* MovieCardListView.swift */ = {isa = PBXFileReference; lastKnownFileType = sourcecode.swift; path = MovieCardListView.swift; sourceTree = "<group>"; };
		53CF65162913289300665CEC /* MovieCardListItemViewModel.swift */ = {isa = PBXFileReference; lastKnownFileType = sourcecode.swift; path = MovieCardListItemViewModel.swift; sourceTree = "<group>"; };
		53CF65182913348200665CEC /* Date.swift */ = {isa = PBXFileReference; lastKnownFileType = sourcecode.swift; path = Date.swift; sourceTree = "<group>"; };
/* End PBXFileReference section */

/* Begin PBXFrameworksBuildPhase section */
		53114A3029129DED00390C9D /* Frameworks */ = {
			isa = PBXFrameworksBuildPhase;
			buildActionMask = 2147483647;
			files = (
			);
			runOnlyForDeploymentPostprocessing = 0;
		};
		53114A4029129DEE00390C9D /* Frameworks */ = {
			isa = PBXFrameworksBuildPhase;
			buildActionMask = 2147483647;
			files = (
			);
			runOnlyForDeploymentPostprocessing = 0;
		};
		53114A4A29129DEE00390C9D /* Frameworks */ = {
			isa = PBXFrameworksBuildPhase;
			buildActionMask = 2147483647;
			files = (
			);
			runOnlyForDeploymentPostprocessing = 0;
		};
/* End PBXFrameworksBuildPhase section */

/* Begin PBXGroup section */
		53114A2A29129DEC00390C9D = {
			isa = PBXGroup;
			children = (
				53114A3529129DED00390C9D /* MovieDB */,
				53114A4629129DEE00390C9D /* MovieDBTests */,
				53114A5029129DEE00390C9D /* MovieDBUITests */,
				53114A3429129DED00390C9D /* Products */,
			);
			sourceTree = "<group>";
		};
		53114A3429129DED00390C9D /* Products */ = {
			isa = PBXGroup;
			children = (
				53114A3329129DED00390C9D /* MovieDB.app */,
				53114A4329129DEE00390C9D /* MovieDBTests.xctest */,
				53114A4D29129DEE00390C9D /* MovieDBUITests.xctest */,
			);
			name = Products;
			sourceTree = "<group>";
		};
		53114A3529129DED00390C9D /* MovieDB */ = {
			isa = PBXGroup;
			children = (
				53114AA12912D46800390C9D /* Resources */,
				53114A7B2912AFFA00390C9D /* Internal */,
				53114A6F2912A00D00390C9D /* Model */,
				53114A6029129E2400390C9D /* UI */,
				53114A3629129DED00390C9D /* MovieDBApp.swift */,
				53114A3829129DED00390C9D /* ContentView.swift */,
				53114ABB2912D50A00390C9D /* Info.plist */,
				53114A3A29129DEE00390C9D /* Assets.xcassets */,
				53114A3C29129DEE00390C9D /* Preview Content */,
			);
			path = MovieDB;
			sourceTree = "<group>";
		};
		53114A3C29129DEE00390C9D /* Preview Content */ = {
			isa = PBXGroup;
			children = (
				53114A3D29129DEE00390C9D /* Preview Assets.xcassets */,
			);
			path = "Preview Content";
			sourceTree = "<group>";
		};
		53114A4629129DEE00390C9D /* MovieDBTests */ = {
			isa = PBXGroup;
			children = (
				53114A4729129DEE00390C9D /* MovieDBTests.swift */,
			);
			path = MovieDBTests;
			sourceTree = "<group>";
		};
		53114A5029129DEE00390C9D /* MovieDBUITests */ = {
			isa = PBXGroup;
			children = (
				53114A5129129DEE00390C9D /* MovieDBUITests.swift */,
				53114A5329129DEE00390C9D /* MovieDBUITestsLaunchTests.swift */,
			);
			path = MovieDBUITests;
			sourceTree = "<group>";
		};
		53114A6029129E2400390C9D /* UI */ = {
			isa = PBXGroup;
			children = (
				53CF65092913005A00665CEC /* Components */,
				53114ABC2912D8F900390C9D /* Navigation */,
				53114A6129129E2900390C9D /* Screens */,
			);
			path = UI;
			sourceTree = "<group>";
		};
		53114A6129129E2900390C9D /* Screens */ = {
			isa = PBXGroup;
			children = (
				53114A9F2912D3BC00390C9D /* HomeScreenView.swift */,
				53CF650F29130EDF00665CEC /* HomeScreenViewModel.swift */,
			);
			path = Screens;
			sourceTree = "<group>";
		};
		53114A6329129E4700390C9D /* Contract */ = {
			isa = PBXGroup;
			children = (
				53114A7E2912B07600390C9D /* ApiContract.swift */,
				53114A792912A4DF00390C9D /* HttpContract.swift */,
				53114A6429129E7C00390C9D /* MovieContract.swift */,
			);
			path = Contract;
			sourceTree = "<group>";
		};
		53114A6C29129EF000390C9D /* Repository */ = {
			isa = PBXGroup;
			children = (
				53114A6D29129F0C00390C9D /* MovieApiRepository.swift */,
			);
			path = Repository;
			sourceTree = "<group>";
		};
		53114A6F2912A00D00390C9D /* Model */ = {
			isa = PBXGroup;
			children = (
				53114A702912A04E00390C9D /* PaginatedResponse.swift */,
				53114A722912A09600390C9D /* Movie.swift */,
			);
			path = Model;
			sourceTree = "<group>";
		};
		53114A782912A3D700390C9D /* Http */ = {
			isa = PBXGroup;
			children = (
				53114A762912A1D400390C9D /* Http.swift */,
			);
			path = Http;
			sourceTree = "<group>";
		};
		53114A7B2912AFFA00390C9D /* Internal */ = {
			isa = PBXGroup;
			children = (
				53114AC22912E11600390C9D /* Utils */,
				53114ABF2912D98600390C9D /* Extensions */,
				53114A962912CD1A00390C9D /* State */,
				53114A6329129E4700390C9D /* Contract */,
				53114A802912B3A600390C9D /* Storage */,
				53114A7C2912B00300390C9D /* Network */,
			);
			path = Internal;
			sourceTree = "<group>";
		};
		53114A7C2912B00300390C9D /* Network */ = {
			isa = PBXGroup;
			children = (
				53114A7D2912B05F00390C9D /* Api */,
				53114A782912A3D700390C9D /* Http */,
				53114A6C29129EF000390C9D /* Repository */,
			);
			path = Network;
			sourceTree = "<group>";
		};
		53114A7D2912B05F00390C9D /* Api */ = {
			isa = PBXGroup;
			children = (
				53114A922912BE5B00390C9D /* MovieApi.swift */,
			);
			path = Api;
			sourceTree = "<group>";
		};
		53114A802912B3A600390C9D /* Storage */ = {
			isa = PBXGroup;
			children = (
				53114A8D2912B7FB00390C9D /* Repository */,
				53114A832912B4DD00390C9D /* Context */,
			);
			path = Storage;
			sourceTree = "<group>";
		};
		53114A832912B4DD00390C9D /* Context */ = {
			isa = PBXGroup;
			children = (
			);
			path = Context;
			sourceTree = "<group>";
		};
		53114A8D2912B7FB00390C9D /* Repository */ = {
			isa = PBXGroup;
			children = (
			);
			path = Repository;
			sourceTree = "<group>";
		};
		53114A962912CD1A00390C9D /* State */ = {
			isa = PBXGroup;
			children = (
				53114A972912CD3000390C9D /* Store.swift */,
				53114A992912CDE100390C9D /* Container.swift */,
				53114A9B2912CDFF00390C9D /* AppState.swift */,
				53114A9D2912D22F00390C9D /* AppEnvironment.swift */,
			);
			path = State;
			sourceTree = "<group>";
		};
		53114AA12912D46800390C9D /* Resources */ = {
			isa = PBXGroup;
			children = (
				53114AA22912D46F00390C9D /* Fonts */,
			);
			path = Resources;
			sourceTree = "<group>";
		};
		53114AA22912D46F00390C9D /* Fonts */ = {
			isa = PBXGroup;
			children = (
				53114AA82912D47F00390C9D /* OpenSans-Bold.ttf */,
				53114AA72912D47F00390C9D /* OpenSans-SemiBold.ttf */,
			);
			path = Fonts;
			sourceTree = "<group>";
		};
		53114ABC2912D8F900390C9D /* Navigation */ = {
			isa = PBXGroup;
			children = (
				53114ABD2912D90B00390C9D /* MainTabBarView.swift */,
			);
			path = Navigation;
			sourceTree = "<group>";
		};
		53114ABF2912D98600390C9D /* Extensions */ = {
			isa = PBXGroup;
			children = (
				53CF65182913348200665CEC /* Date.swift */,
				53114AC02912D99F00390C9D /* Color.swift */,
				53114AC92912FC5300390C9D /* UIFont.swift */,
				53CF650C291301CD00665CEC /* Font.swift */,
			);
			path = Extensions;
			sourceTree = "<group>";
		};
		53114AC22912E11600390C9D /* Utils */ = {
			isa = PBXGroup;
			children = (
				53114AC32912E11F00390C9D /* AppScreen.swift */,
				53114AC52912FB2D00390C9D /* Constants.swift */,
				53114ACB2912FE6200390C9D /* GlobalAppearance.swift */,
			);
			path = Utils;
			sourceTree = "<group>";
		};
		53CF65092913005A00665CEC /* Components */ = {
			isa = PBXGroup;
			children = (
				53CF65152913287A00665CEC /* MovieCardListView */,
				53CF650A2913007100665CEC /* HorizontalTabView.swift */,
			);
			path = Components;
			sourceTree = "<group>";
		};
		53CF65152913287A00665CEC /* MovieCardListView */ = {
			isa = PBXGroup;
			children = (
				53CF651129131BFC00665CEC /* MovieCardListView.swift */,
				53CF65162913289300665CEC /* MovieCardListItemViewModel.swift */,
			);
			path = MovieCardListView;
			sourceTree = "<group>";
		};
/* End PBXGroup section */

/* Begin PBXNativeTarget section */
		53114A3229129DED00390C9D /* MovieDB */ = {
			isa = PBXNativeTarget;
			buildConfigurationList = 53114A5729129DEE00390C9D /* Build configuration list for PBXNativeTarget "MovieDB" */;
			buildPhases = (
				53114A2F29129DED00390C9D /* Sources */,
				53114A3029129DED00390C9D /* Frameworks */,
				53114A3129129DED00390C9D /* Resources */,
			);
			buildRules = (
			);
			dependencies = (
			);
			name = MovieDB;
			productName = MovieDB;
			productReference = 53114A3329129DED00390C9D /* MovieDB.app */;
			productType = "com.apple.product-type.application";
		};
		53114A4229129DEE00390C9D /* MovieDBTests */ = {
			isa = PBXNativeTarget;
			buildConfigurationList = 53114A5A29129DEE00390C9D /* Build configuration list for PBXNativeTarget "MovieDBTests" */;
			buildPhases = (
				53114A3F29129DEE00390C9D /* Sources */,
				53114A4029129DEE00390C9D /* Frameworks */,
				53114A4129129DEE00390C9D /* Resources */,
			);
			buildRules = (
			);
			dependencies = (
				53114A4529129DEE00390C9D /* PBXTargetDependency */,
			);
			name = MovieDBTests;
			productName = MovieDBTests;
			productReference = 53114A4329129DEE00390C9D /* MovieDBTests.xctest */;
			productType = "com.apple.product-type.bundle.unit-test";
		};
		53114A4C29129DEE00390C9D /* MovieDBUITests */ = {
			isa = PBXNativeTarget;
			buildConfigurationList = 53114A5D29129DEE00390C9D /* Build configuration list for PBXNativeTarget "MovieDBUITests" */;
			buildPhases = (
				53114A4929129DEE00390C9D /* Sources */,
				53114A4A29129DEE00390C9D /* Frameworks */,
				53114A4B29129DEE00390C9D /* Resources */,
			);
			buildRules = (
			);
			dependencies = (
				53114A4F29129DEE00390C9D /* PBXTargetDependency */,
			);
			name = MovieDBUITests;
			productName = MovieDBUITests;
			productReference = 53114A4D29129DEE00390C9D /* MovieDBUITests.xctest */;
			productType = "com.apple.product-type.bundle.ui-testing";
		};
/* End PBXNativeTarget section */

/* Begin PBXProject section */
		53114A2B29129DED00390C9D /* Project object */ = {
			isa = PBXProject;
			attributes = {
				BuildIndependentTargetsInParallel = 1;
				LastSwiftUpdateCheck = 1400;
				LastUpgradeCheck = 1400;
				TargetAttributes = {
					53114A3229129DED00390C9D = {
						CreatedOnToolsVersion = 14.0.1;
					};
					53114A4229129DEE00390C9D = {
						CreatedOnToolsVersion = 14.0.1;
						TestTargetID = 53114A3229129DED00390C9D;
					};
					53114A4C29129DEE00390C9D = {
						CreatedOnToolsVersion = 14.0.1;
						TestTargetID = 53114A3229129DED00390C9D;
					};
				};
			};
			buildConfigurationList = 53114A2E29129DED00390C9D /* Build configuration list for PBXProject "MovieDB" */;
			compatibilityVersion = "Xcode 14.0";
			developmentRegion = en;
			hasScannedForEncodings = 0;
			knownRegions = (
				en,
				Base,
			);
			mainGroup = 53114A2A29129DEC00390C9D;
			productRefGroup = 53114A3429129DED00390C9D /* Products */;
			projectDirPath = "";
			projectRoot = "";
			targets = (
				53114A3229129DED00390C9D /* MovieDB */,
				53114A4229129DEE00390C9D /* MovieDBTests */,
				53114A4C29129DEE00390C9D /* MovieDBUITests */,
			);
		};
/* End PBXProject section */

/* Begin PBXResourcesBuildPhase section */
		53114A3129129DED00390C9D /* Resources */ = {
			isa = PBXResourcesBuildPhase;
			buildActionMask = 2147483647;
			files = (
				53114AB42912D47F00390C9D /* OpenSans-Bold.ttf in Resources */,
				53114AB32912D47F00390C9D /* OpenSans-SemiBold.ttf in Resources */,
				53114A3E29129DEE00390C9D /* Preview Assets.xcassets in Resources */,
				53114A3B29129DEE00390C9D /* Assets.xcassets in Resources */,
			);
			runOnlyForDeploymentPostprocessing = 0;
		};
		53114A4129129DEE00390C9D /* Resources */ = {
			isa = PBXResourcesBuildPhase;
			buildActionMask = 2147483647;
			files = (
			);
			runOnlyForDeploymentPostprocessing = 0;
		};
		53114A4B29129DEE00390C9D /* Resources */ = {
			isa = PBXResourcesBuildPhase;
			buildActionMask = 2147483647;
			files = (
			);
			runOnlyForDeploymentPostprocessing = 0;
		};
/* End PBXResourcesBuildPhase section */

/* Begin PBXSourcesBuildPhase section */
		53114A2F29129DED00390C9D /* Sources */ = {
			isa = PBXSourcesBuildPhase;
			buildActionMask = 2147483647;
			files = (
				53CF65192913348200665CEC /* Date.swift in Sources */,
				53CF65172913289300665CEC /* MovieCardListItemViewModel.swift in Sources */,
				53114A7F2912B07600390C9D /* ApiContract.swift in Sources */,
				53CF651029130EDF00665CEC /* HomeScreenViewModel.swift in Sources */,
				53114ACC2912FE6200390C9D /* GlobalAppearance.swift in Sources */,
				53114AC62912FB2D00390C9D /* Constants.swift in Sources */,
				53CF650D291301CD00665CEC /* Font.swift in Sources */,
				53114A9A2912CDE100390C9D /* Container.swift in Sources */,
				53114A3929129DED00390C9D /* ContentView.swift in Sources */,
				53114A6E29129F0C00390C9D /* MovieApiRepository.swift in Sources */,
				53114AC12912D99F00390C9D /* Color.swift in Sources */,
				53114A932912BE5B00390C9D /* MovieApi.swift in Sources */,
				53114A732912A09600390C9D /* Movie.swift in Sources */,
				53114A7A2912A4DF00390C9D /* HttpContract.swift in Sources */,
				53114A9E2912D22F00390C9D /* AppEnvironment.swift in Sources */,
				53CF651229131BFC00665CEC /* MovieCardListView.swift in Sources */,
				53114A982912CD3000390C9D /* Store.swift in Sources */,
				53CF650B2913007100665CEC /* HorizontalTabView.swift in Sources */,
				53114A3729129DED00390C9D /* MovieDBApp.swift in Sources */,
				53114A6529129E7C00390C9D /* MovieContract.swift in Sources */,
				53114ABE2912D90B00390C9D /* MainTabBarView.swift in Sources */,
				53114AA02912D3BC00390C9D /* HomeScreenView.swift in Sources */,
				53114A9C2912CDFF00390C9D /* AppState.swift in Sources */,
				53114ACA2912FC5300390C9D /* UIFont.swift in Sources */,
				53114A712912A04E00390C9D /* PaginatedResponse.swift in Sources */,
				53114A772912A1D400390C9D /* Http.swift in Sources */,
				53114AC42912E11F00390C9D /* AppScreen.swift in Sources */,
			);
			runOnlyForDeploymentPostprocessing = 0;
		};
		53114A3F29129DEE00390C9D /* Sources */ = {
			isa = PBXSourcesBuildPhase;
			buildActionMask = 2147483647;
			files = (
				53114A4829129DEE00390C9D /* MovieDBTests.swift in Sources */,
			);
			runOnlyForDeploymentPostprocessing = 0;
		};
		53114A4929129DEE00390C9D /* Sources */ = {
			isa = PBXSourcesBuildPhase;
			buildActionMask = 2147483647;
			files = (
				53114A5229129DEE00390C9D /* MovieDBUITests.swift in Sources */,
				53114A5429129DEE00390C9D /* MovieDBUITestsLaunchTests.swift in Sources */,
			);
			runOnlyForDeploymentPostprocessing = 0;
		};
/* End PBXSourcesBuildPhase section */

/* Begin PBXTargetDependency section */
		53114A4529129DEE00390C9D /* PBXTargetDependency */ = {
			isa = PBXTargetDependency;
			target = 53114A3229129DED00390C9D /* MovieDB */;
			targetProxy = 53114A4429129DEE00390C9D /* PBXContainerItemProxy */;
		};
		53114A4F29129DEE00390C9D /* PBXTargetDependency */ = {
			isa = PBXTargetDependency;
			target = 53114A3229129DED00390C9D /* MovieDB */;
			targetProxy = 53114A4E29129DEE00390C9D /* PBXContainerItemProxy */;
		};
/* End PBXTargetDependency section */

/* Begin XCBuildConfiguration section */
		53114A5529129DEE00390C9D /* Debug */ = {
			isa = XCBuildConfiguration;
			buildSettings = {
				ALWAYS_SEARCH_USER_PATHS = NO;
				CLANG_ANALYZER_NONNULL = YES;
				CLANG_ANALYZER_NUMBER_OBJECT_CONVERSION = YES_AGGRESSIVE;
				CLANG_CXX_LANGUAGE_STANDARD = "gnu++20";
				CLANG_ENABLE_MODULES = YES;
				CLANG_ENABLE_OBJC_ARC = YES;
				CLANG_ENABLE_OBJC_WEAK = YES;
				CLANG_WARN_BLOCK_CAPTURE_AUTORELEASING = YES;
				CLANG_WARN_BOOL_CONVERSION = YES;
				CLANG_WARN_COMMA = YES;
				CLANG_WARN_CONSTANT_CONVERSION = YES;
				CLANG_WARN_DEPRECATED_OBJC_IMPLEMENTATIONS = YES;
				CLANG_WARN_DIRECT_OBJC_ISA_USAGE = YES_ERROR;
				CLANG_WARN_DOCUMENTATION_COMMENTS = YES;
				CLANG_WARN_EMPTY_BODY = YES;
				CLANG_WARN_ENUM_CONVERSION = YES;
				CLANG_WARN_INFINITE_RECURSION = YES;
				CLANG_WARN_INT_CONVERSION = YES;
				CLANG_WARN_NON_LITERAL_NULL_CONVERSION = YES;
				CLANG_WARN_OBJC_IMPLICIT_RETAIN_SELF = YES;
				CLANG_WARN_OBJC_LITERAL_CONVERSION = YES;
				CLANG_WARN_OBJC_ROOT_CLASS = YES_ERROR;
				CLANG_WARN_QUOTED_INCLUDE_IN_FRAMEWORK_HEADER = YES;
				CLANG_WARN_RANGE_LOOP_ANALYSIS = YES;
				CLANG_WARN_STRICT_PROTOTYPES = YES;
				CLANG_WARN_SUSPICIOUS_MOVE = YES;
				CLANG_WARN_UNGUARDED_AVAILABILITY = YES_AGGRESSIVE;
				CLANG_WARN_UNREACHABLE_CODE = YES;
				CLANG_WARN__DUPLICATE_METHOD_MATCH = YES;
				COPY_PHASE_STRIP = NO;
				DEBUG_INFORMATION_FORMAT = dwarf;
				ENABLE_STRICT_OBJC_MSGSEND = YES;
				ENABLE_TESTABILITY = YES;
				GCC_C_LANGUAGE_STANDARD = gnu11;
				GCC_DYNAMIC_NO_PIC = NO;
				GCC_NO_COMMON_BLOCKS = YES;
				GCC_OPTIMIZATION_LEVEL = 0;
				GCC_PREPROCESSOR_DEFINITIONS = (
					"DEBUG=1",
					"$(inherited)",
				);
				GCC_WARN_64_TO_32_BIT_CONVERSION = YES;
				GCC_WARN_ABOUT_RETURN_TYPE = YES_ERROR;
				GCC_WARN_UNDECLARED_SELECTOR = YES;
				GCC_WARN_UNINITIALIZED_AUTOS = YES_AGGRESSIVE;
				GCC_WARN_UNUSED_FUNCTION = YES;
				GCC_WARN_UNUSED_VARIABLE = YES;
				IPHONEOS_DEPLOYMENT_TARGET = 16.0;
				MTL_ENABLE_DEBUG_INFO = INCLUDE_SOURCE;
				MTL_FAST_MATH = YES;
				ONLY_ACTIVE_ARCH = YES;
				SDKROOT = iphoneos;
				SWIFT_ACTIVE_COMPILATION_CONDITIONS = DEBUG;
				SWIFT_OPTIMIZATION_LEVEL = "-Onone";
			};
			name = Debug;
		};
		53114A5629129DEE00390C9D /* Release */ = {
			isa = XCBuildConfiguration;
			buildSettings = {
				ALWAYS_SEARCH_USER_PATHS = NO;
				CLANG_ANALYZER_NONNULL = YES;
				CLANG_ANALYZER_NUMBER_OBJECT_CONVERSION = YES_AGGRESSIVE;
				CLANG_CXX_LANGUAGE_STANDARD = "gnu++20";
				CLANG_ENABLE_MODULES = YES;
				CLANG_ENABLE_OBJC_ARC = YES;
				CLANG_ENABLE_OBJC_WEAK = YES;
				CLANG_WARN_BLOCK_CAPTURE_AUTORELEASING = YES;
				CLANG_WARN_BOOL_CONVERSION = YES;
				CLANG_WARN_COMMA = YES;
				CLANG_WARN_CONSTANT_CONVERSION = YES;
				CLANG_WARN_DEPRECATED_OBJC_IMPLEMENTATIONS = YES;
				CLANG_WARN_DIRECT_OBJC_ISA_USAGE = YES_ERROR;
				CLANG_WARN_DOCUMENTATION_COMMENTS = YES;
				CLANG_WARN_EMPTY_BODY = YES;
				CLANG_WARN_ENUM_CONVERSION = YES;
				CLANG_WARN_INFINITE_RECURSION = YES;
				CLANG_WARN_INT_CONVERSION = YES;
				CLANG_WARN_NON_LITERAL_NULL_CONVERSION = YES;
				CLANG_WARN_OBJC_IMPLICIT_RETAIN_SELF = YES;
				CLANG_WARN_OBJC_LITERAL_CONVERSION = YES;
				CLANG_WARN_OBJC_ROOT_CLASS = YES_ERROR;
				CLANG_WARN_QUOTED_INCLUDE_IN_FRAMEWORK_HEADER = YES;
				CLANG_WARN_RANGE_LOOP_ANALYSIS = YES;
				CLANG_WARN_STRICT_PROTOTYPES = YES;
				CLANG_WARN_SUSPICIOUS_MOVE = YES;
				CLANG_WARN_UNGUARDED_AVAILABILITY = YES_AGGRESSIVE;
				CLANG_WARN_UNREACHABLE_CODE = YES;
				CLANG_WARN__DUPLICATE_METHOD_MATCH = YES;
				COPY_PHASE_STRIP = NO;
				DEBUG_INFORMATION_FORMAT = "dwarf-with-dsym";
				ENABLE_NS_ASSERTIONS = NO;
				ENABLE_STRICT_OBJC_MSGSEND = YES;
				GCC_C_LANGUAGE_STANDARD = gnu11;
				GCC_NO_COMMON_BLOCKS = YES;
				GCC_WARN_64_TO_32_BIT_CONVERSION = YES;
				GCC_WARN_ABOUT_RETURN_TYPE = YES_ERROR;
				GCC_WARN_UNDECLARED_SELECTOR = YES;
				GCC_WARN_UNINITIALIZED_AUTOS = YES_AGGRESSIVE;
				GCC_WARN_UNUSED_FUNCTION = YES;
				GCC_WARN_UNUSED_VARIABLE = YES;
				IPHONEOS_DEPLOYMENT_TARGET = 16.0;
				MTL_ENABLE_DEBUG_INFO = NO;
				MTL_FAST_MATH = YES;
				SDKROOT = iphoneos;
				SWIFT_COMPILATION_MODE = wholemodule;
				SWIFT_OPTIMIZATION_LEVEL = "-O";
				VALIDATE_PRODUCT = YES;
			};
			name = Release;
		};
		53114A5829129DEE00390C9D /* Debug */ = {
			isa = XCBuildConfiguration;
			buildSettings = {
				ASSETCATALOG_COMPILER_APPICON_NAME = AppIcon;
				ASSETCATALOG_COMPILER_GLOBAL_ACCENT_COLOR_NAME = AccentColor;
				CODE_SIGN_STYLE = Automatic;
				CURRENT_PROJECT_VERSION = 1;
				DEVELOPMENT_ASSET_PATHS = "\"MovieDB/Preview Content\"";
				DEVELOPMENT_TEAM = FZSAPS42SZ;
				ENABLE_PREVIEWS = YES;
				GENERATE_INFOPLIST_FILE = YES;
				INFOPLIST_FILE = MovieDB/Info.plist;
				INFOPLIST_KEY_UIApplicationSceneManifest_Generation = YES;
				INFOPLIST_KEY_UIApplicationSupportsIndirectInputEvents = YES;
				INFOPLIST_KEY_UILaunchScreen_Generation = YES;
				INFOPLIST_KEY_UISupportedInterfaceOrientations_iPad = "UIInterfaceOrientationPortrait UIInterfaceOrientationPortraitUpsideDown UIInterfaceOrientationLandscapeLeft UIInterfaceOrientationLandscapeRight";
				INFOPLIST_KEY_UISupportedInterfaceOrientations_iPhone = "UIInterfaceOrientationPortrait UIInterfaceOrientationLandscapeLeft UIInterfaceOrientationLandscapeRight";
				IPHONEOS_DEPLOYMENT_TARGET = 14.0;
				LD_RUNPATH_SEARCH_PATHS = (
					"$(inherited)",
					"@executable_path/Frameworks",
				);
				MARKETING_VERSION = 1.0;
				PRODUCT_BUNDLE_IDENTIFIER = com.robertsandru.MovieDB;
				PRODUCT_NAME = "$(TARGET_NAME)";
				SWIFT_EMIT_LOC_STRINGS = YES;
				SWIFT_VERSION = 5.0;
				TARGETED_DEVICE_FAMILY = "1,2";
			};
			name = Debug;
		};
		53114A5929129DEE00390C9D /* Release */ = {
			isa = XCBuildConfiguration;
			buildSettings = {
				ASSETCATALOG_COMPILER_APPICON_NAME = AppIcon;
				ASSETCATALOG_COMPILER_GLOBAL_ACCENT_COLOR_NAME = AccentColor;
				CODE_SIGN_STYLE = Automatic;
				CURRENT_PROJECT_VERSION = 1;
				DEVELOPMENT_ASSET_PATHS = "\"MovieDB/Preview Content\"";
				DEVELOPMENT_TEAM = FZSAPS42SZ;
				ENABLE_PREVIEWS = YES;
				GENERATE_INFOPLIST_FILE = YES;
				INFOPLIST_FILE = MovieDB/Info.plist;
				INFOPLIST_KEY_UIApplicationSceneManifest_Generation = YES;
				INFOPLIST_KEY_UIApplicationSupportsIndirectInputEvents = YES;
				INFOPLIST_KEY_UILaunchScreen_Generation = YES;
				INFOPLIST_KEY_UISupportedInterfaceOrientations_iPad = "UIInterfaceOrientationPortrait UIInterfaceOrientationPortraitUpsideDown UIInterfaceOrientationLandscapeLeft UIInterfaceOrientationLandscapeRight";
				INFOPLIST_KEY_UISupportedInterfaceOrientations_iPhone = "UIInterfaceOrientationPortrait UIInterfaceOrientationLandscapeLeft UIInterfaceOrientationLandscapeRight";
				IPHONEOS_DEPLOYMENT_TARGET = 14.0;
				LD_RUNPATH_SEARCH_PATHS = (
					"$(inherited)",
					"@executable_path/Frameworks",
				);
				MARKETING_VERSION = 1.0;
				PRODUCT_BUNDLE_IDENTIFIER = com.robertsandru.MovieDB;
				PRODUCT_NAME = "$(TARGET_NAME)";
				SWIFT_EMIT_LOC_STRINGS = YES;
				SWIFT_VERSION = 5.0;
				TARGETED_DEVICE_FAMILY = "1,2";
			};
			name = Release;
		};
		53114A5B29129DEE00390C9D /* Debug */ = {
			isa = XCBuildConfiguration;
			buildSettings = {
				ALWAYS_EMBED_SWIFT_STANDARD_LIBRARIES = YES;
				BUNDLE_LOADER = "$(TEST_HOST)";
				CODE_SIGN_STYLE = Automatic;
				CURRENT_PROJECT_VERSION = 1;
				DEVELOPMENT_TEAM = FZSAPS42SZ;
				GENERATE_INFOPLIST_FILE = YES;
				IPHONEOS_DEPLOYMENT_TARGET = 16.0;
				MARKETING_VERSION = 1.0;
				PRODUCT_BUNDLE_IDENTIFIER = com.robertsandru.MovieDBTests;
				PRODUCT_NAME = "$(TARGET_NAME)";
				SWIFT_EMIT_LOC_STRINGS = NO;
				SWIFT_VERSION = 5.0;
				TARGETED_DEVICE_FAMILY = "1,2";
				TEST_HOST = "$(BUILT_PRODUCTS_DIR)/MovieDB.app/$(BUNDLE_EXECUTABLE_FOLDER_PATH)/MovieDB";
			};
			name = Debug;
		};
		53114A5C29129DEE00390C9D /* Release */ = {
			isa = XCBuildConfiguration;
			buildSettings = {
				ALWAYS_EMBED_SWIFT_STANDARD_LIBRARIES = YES;
				BUNDLE_LOADER = "$(TEST_HOST)";
				CODE_SIGN_STYLE = Automatic;
				CURRENT_PROJECT_VERSION = 1;
				DEVELOPMENT_TEAM = FZSAPS42SZ;
				GENERATE_INFOPLIST_FILE = YES;
				IPHONEOS_DEPLOYMENT_TARGET = 16.0;
				MARKETING_VERSION = 1.0;
				PRODUCT_BUNDLE_IDENTIFIER = com.robertsandru.MovieDBTests;
				PRODUCT_NAME = "$(TARGET_NAME)";
				SWIFT_EMIT_LOC_STRINGS = NO;
				SWIFT_VERSION = 5.0;
				TARGETED_DEVICE_FAMILY = "1,2";
				TEST_HOST = "$(BUILT_PRODUCTS_DIR)/MovieDB.app/$(BUNDLE_EXECUTABLE_FOLDER_PATH)/MovieDB";
			};
			name = Release;
		};
		53114A5E29129DEE00390C9D /* Debug */ = {
			isa = XCBuildConfiguration;
			buildSettings = {
				ALWAYS_EMBED_SWIFT_STANDARD_LIBRARIES = YES;
				CODE_SIGN_STYLE = Automatic;
				CURRENT_PROJECT_VERSION = 1;
				DEVELOPMENT_TEAM = FZSAPS42SZ;
				GENERATE_INFOPLIST_FILE = YES;
				MARKETING_VERSION = 1.0;
				PRODUCT_BUNDLE_IDENTIFIER = com.robertsandru.MovieDBUITests;
				PRODUCT_NAME = "$(TARGET_NAME)";
				SWIFT_EMIT_LOC_STRINGS = NO;
				SWIFT_VERSION = 5.0;
				TARGETED_DEVICE_FAMILY = "1,2";
				TEST_TARGET_NAME = MovieDB;
			};
			name = Debug;
		};
		53114A5F29129DEE00390C9D /* Release */ = {
			isa = XCBuildConfiguration;
			buildSettings = {
				ALWAYS_EMBED_SWIFT_STANDARD_LIBRARIES = YES;
				CODE_SIGN_STYLE = Automatic;
				CURRENT_PROJECT_VERSION = 1;
				DEVELOPMENT_TEAM = FZSAPS42SZ;
				GENERATE_INFOPLIST_FILE = YES;
				MARKETING_VERSION = 1.0;
				PRODUCT_BUNDLE_IDENTIFIER = com.robertsandru.MovieDBUITests;
				PRODUCT_NAME = "$(TARGET_NAME)";
				SWIFT_EMIT_LOC_STRINGS = NO;
				SWIFT_VERSION = 5.0;
				TARGETED_DEVICE_FAMILY = "1,2";
				TEST_TARGET_NAME = MovieDB;
			};
			name = Release;
		};
/* End XCBuildConfiguration section */

/* Begin XCConfigurationList section */
		53114A2E29129DED00390C9D /* Build configuration list for PBXProject "MovieDB" */ = {
			isa = XCConfigurationList;
			buildConfigurations = (
				53114A5529129DEE00390C9D /* Debug */,
				53114A5629129DEE00390C9D /* Release */,
			);
			defaultConfigurationIsVisible = 0;
			defaultConfigurationName = Release;
		};
		53114A5729129DEE00390C9D /* Build configuration list for PBXNativeTarget "MovieDB" */ = {
			isa = XCConfigurationList;
			buildConfigurations = (
				53114A5829129DEE00390C9D /* Debug */,
				53114A5929129DEE00390C9D /* Release */,
			);
			defaultConfigurationIsVisible = 0;
			defaultConfigurationName = Release;
		};
		53114A5A29129DEE00390C9D /* Build configuration list for PBXNativeTarget "MovieDBTests" */ = {
			isa = XCConfigurationList;
			buildConfigurations = (
				53114A5B29129DEE00390C9D /* Debug */,
				53114A5C29129DEE00390C9D /* Release */,
			);
			defaultConfigurationIsVisible = 0;
			defaultConfigurationName = Release;
		};
		53114A5D29129DEE00390C9D /* Build configuration list for PBXNativeTarget "MovieDBUITests" */ = {
			isa = XCConfigurationList;
			buildConfigurations = (
				53114A5E29129DEE00390C9D /* Debug */,
				53114A5F29129DEE00390C9D /* Release */,
			);
			defaultConfigurationIsVisible = 0;
			defaultConfigurationName = Release;
		};
/* End XCConfigurationList section */
	};
	rootObject = 53114A2B29129DED00390C9D /* Project object */;
}
